
Microsoft Visual Studio Solution File, Format Version 12.00
# Visual Studio Version 17
VisualStudioVersion = 17.13.35931.197 d17.13
MinimumVisualStudioVersion = 10.0.40219.1
Project("{FAE04EC0-301F-11D3-BF4B-00C04F79EFBC}") = "FreshBites", "FreshBites\FreshBites.csproj", "{F614DE14-7798-4998-8F65-DD9BCE218EA7}"
EndProject
Global
	GlobalSection(SolutionConfigurationPlatforms) = preSolution
		Debug|Any CPU = Debug|Any CPU
		Release|Any CPU = Release|Any CPU
	EndGlobalSection
	GlobalSection(ProjectConfigurationPlatforms) = postSolution
		{F614DE14-7798-4998-8F65-DD9BCE218EA7}.Debug|Any CPU.ActiveCfg = Debug|Any CPU
		{F614DE14-7798-4998-8F65-DD9BCE218EA7}.Debug|Any CPU.Build.0 = Debug|Any CPU
		{F614DE14-7798-4998-8F65-DD9BCE218EA7}.Release|Any CPU.ActiveCfg = Release|Any CPU
		{F614DE14-7798-4998-8F65-DD9BCE218EA7}.Release|Any CPU.Build.0 = Release|Any CPU
	EndGlobalSection
	GlobalSection(SolutionProperties) = preSolution
		HideSolutionNode = FALSE
	EndGlobalSection
	GlobalSection(ExtensibilityGlobals) = postSolution
		SolutionGuid = {9BD31166-3F73-491D-8D7A-B3FA62FC2066}
	EndGlobalSection
EndGlobal
